
Microsoft Visual Studio Solution File, Format Version 12.00
# Visual Studio Version 16
VisualStudioVersion = 16.0.30320.27
MinimumVisualStudioVersion = 10.0.40219.1
Project("{FAE04EC0-301F-11D3-BF4B-00C04F79EFBC}") = "Website", "Website\Website.csproj", "{48015695-AED3-47A2-8B3D-A1957161E645}"
EndProject
Global
	GlobalSection(SolutionConfigurationPlatforms) = preSolution
		Debug|Any CPU = Debug|Any CPU
		Release|Any CPU = Release|Any CPU
	EndGlobalSection
	GlobalSection(ProjectConfigurationPlatforms) = postSolution
		{48015695-AED3-47A2-8B3D-A1957161E645}.Debug|Any CPU.ActiveCfg = Debug|Any CPU
		{48015695-AED3-47A2-8B3D-A1957161E645}.Debug|Any CPU.Build.0 = Debug|Any CPU
		{48015695-AED3-47A2-8B3D-A1957161E645}.Release|Any CPU.ActiveCfg = Release|Any CPU
		{48015695-AED3-47A2-8B3D-A1957161E645}.Release|Any CPU.Build.0 = Release|Any CPU
	EndGlobalSection
	GlobalSection(SolutionProperties) = preSolution
		HideSolutionNode = FALSE
	EndGlobalSection
	GlobalSection(ExtensibilityGlobals) = postSolution
		SolutionGuid = {80F4C130-F8F0-479D-842C-867CEA264AF6}
	EndGlobalSection
EndGlobal
